
Microsoft Visual Studio Solution File, Format Version 12.00
# Visual Studio Version 16
VisualStudioVersion = 16.0.30517.126
MinimumVisualStudioVersion = 10.0.40219.1
Project("{FAE04EC0-301F-11D3-BF4B-00C04F79EFBC}") = "QueryIt", "Program\QueryIt.csproj", "{2331CFCB-9C1D-4DB9-B3EE-D1F140786728}"
EndProject
Global
	GlobalSection(SolutionConfigurationPlatforms) = preSolution
		Debug|Any CPU = Debug|Any CPU
		Release|Any CPU = Release|Any CPU
	EndGlobalSection
	GlobalSection(ProjectConfigurationPlatforms) = postSolution
		{2331CFCB-9C1D-4DB9-B3EE-D1F140786728}.Debug|Any CPU.ActiveCfg = Debug|Any CPU
		{2331CFCB-9C1D-4DB9-B3EE-D1F140786728}.Debug|Any CPU.Build.0 = Debug|Any CPU
		{2331CFCB-9C1D-4DB9-B3EE-D1F140786728}.Release|Any CPU.ActiveCfg = Release|Any CPU
		{2331CFCB-9C1D-4DB9-B3EE-D1F140786728}.Release|Any CPU.Build.0 = Release|Any CPU
	EndGlobalSection
	GlobalSection(SolutionProperties) = preSolution
		HideSolutionNode = FALSE
	EndGlobalSection
	GlobalSection(ExtensibilityGlobals) = postSolution
		SolutionGuid = {E277A4E0-094D-4938-A31A-5379480EBB45}
	EndGlobalSection
EndGlobal
